{
    "name": "bazel_experiments",
    "version": "0.1.0",
    "lockfileVersion": 1,
    "requires": true,
    "dependencies": {
        "@bazel/typescript": {
            "version": "1.6.0",
            "resolved": "https://registry.npmjs.org/@bazel/typescript/-/typescript-1.6.0.tgz",
            "integrity": "sha512-vAKuwy1Hgl+t3M3sH/G0oqHRYN35TdENj+0lsCI3x7EbSzyI6cbA3YQrLrlyvdScksqOpZa3PZ3UBGqfJJq2DA==",
            "dev": true,
            "requires": {
                "protobufjs": "6.8.8",
                "semver": "5.6.0",
                "source-map-support": "0.5.9",
                "tsutils": "2.27.2"
            }
        },
        "@protobufjs/aspromise": {
            "version": "1.1.2",
            "resolved": "https://registry.npmjs.org/@protobufjs/aspromise/-/aspromise-1.1.2.tgz",
            "integrity": "sha1-m4sMxmPWaafY9vXQiToU00jzD78=",
            "dev": true
        },
        "@protobufjs/base64": {
            "version": "1.1.2",
            "resolved": "https://registry.npmjs.org/@protobufjs/base64/-/base64-1.1.2.tgz",
            "integrity": "sha512-AZkcAA5vnN/v4PDqKyMR5lx7hZttPDgClv83E//FMNhR2TMcLUhfRUBHCmSl0oi9zMgDDqRUJkSxO3wm85+XLg==",
            "dev": true
        },
        "@protobufjs/codegen": {
            "version": "2.0.4",
            "resolved": "https://registry.npmjs.org/@protobufjs/codegen/-/codegen-2.0.4.tgz",
            "integrity": "sha512-YyFaikqM5sH0ziFZCN3xDC7zeGaB/d0IUb9CATugHWbd1FRFwWwt4ld4OYMPWu5a3Xe01mGAULCdqhMlPl29Jg==",
            "dev": true
        },
        "@protobufjs/eventemitter": {
            "version": "1.1.0",
            "resolved": "https://registry.npmjs.org/@protobufjs/eventemitter/-/eventemitter-1.1.0.tgz",
            "integrity": "sha1-NVy8mLr61ZePntCV85diHx0Ga3A=",
            "dev": true
        },
        "@protobufjs/fetch": {
            "version": "1.1.0",
            "resolved": "https://registry.npmjs.org/@protobufjs/fetch/-/fetch-1.1.0.tgz",
            "integrity": "sha1-upn7WYYUr2VwDBYZ/wbUVLDYTEU=",
            "dev": true,
            "requires": {
                "@protobufjs/aspromise": "^1.1.1",
                "@protobufjs/inquire": "^1.1.0"
            }
        },
        "@protobufjs/float": {
            "version": "1.0.2",
            "resolved": "https://registry.npmjs.org/@protobufjs/float/-/float-1.0.2.tgz",
            "integrity": "sha1-Xp4avctz/Ap8uLKR33jIy9l7h9E=",
            "dev": true
        },
        "@protobufjs/inquire": {
            "version": "1.1.0",
            "resolved": "https://registry.npmjs.org/@protobufjs/inquire/-/inquire-1.1.0.tgz",
            "integrity": "sha1-/yAOPnzyQp4tyvwRQIKOjMY48Ik=",
            "dev": true
        },
        "@protobufjs/path": {
            "version": "1.1.2",
            "resolved": "https://registry.npmjs.org/@protobufjs/path/-/path-1.1.2.tgz",
            "integrity": "sha1-bMKyDFya1q0NzP0hynZz2Nf79o0=",
            "dev": true
        },
        "@protobufjs/pool": {
            "version": "1.1.0",
            "resolved": "https://registry.npmjs.org/@protobufjs/pool/-/pool-1.1.0.tgz",
            "integrity": "sha1-Cf0V8tbTq/qbZbw2ZQbWrXhG/1Q=",
            "dev": true
        },
        "@protobufjs/utf8": {
            "version": "1.1.0",
            "resolved": "https://registry.npmjs.org/@protobufjs/utf8/-/utf8-1.1.0.tgz",
            "integrity": "sha1-p3c2C1s5oaLlEG+OhY8v0tBgxXA=",
            "dev": true
        },
        "@types/long": {
            "version": "4.0.1",
            "resolved": "https://registry.npmjs.org/@types/long/-/long-4.0.1.tgz",
            "integrity": "sha512-5tXH6Bx/kNGd3MgffdmP4dy2Z+G4eaXw0SE81Tq3BNadtnMR5/ySMzX4SLEzHJzSmPNn4HIdpQsBvXMUykr58w==",
            "dev": true
        },
        "@types/node": {
            "version": "10.17.21",
            "resolved": "https://registry.npmjs.org/@types/node/-/node-10.17.21.tgz",
            "integrity": "sha512-PQKsydPxYxF1DsAFWmunaxd3sOi3iMt6Zmx/tgaagHYmwJ/9cRH91hQkeJZaUGWbvn0K5HlSVEXkn5U/llWPpQ==",
            "dev": true
        },
        "argparse": {
            "version": "1.0.10",
            "resolved": "https://registry.npmjs.org/argparse/-/argparse-1.0.10.tgz",
            "integrity": "sha512-o5Roy6tNG4SL/FOkCAN6RzjiakZS25RLYFrcMttJqbdd8BWrnA+fGz57iN5Pb06pvBGvl5gQ0B48dJlslXvoTg==",
            "requires": {
                "sprintf-js": "~1.0.2"
            }
        },
        "balanced-match": {
            "version": "1.0.0",
            "resolved": "https://registry.npmjs.org/balanced-match/-/balanced-match-1.0.0.tgz",
            "integrity": "sha1-ibTRmasr7kneFk6gK4nORi1xt2c="
        },
        "brace-expansion": {
            "version": "1.1.11",
            "resolved": "https://registry.npmjs.org/brace-expansion/-/brace-expansion-1.1.11.tgz",
            "integrity": "sha512-iCuPHDFgrHX7H2vEI/5xpz07zSHB00TpugqhmYtVmMO6518mCuRMoOYFldEBl0g187ufozdaHgWKcYFb61qGiA==",
            "requires": {
                "balanced-match": "^1.0.0",
                "concat-map": "0.0.1"
            }
        },
        "buffer-from": {
            "version": "1.1.1",
            "resolved": "https://registry.npmjs.org/buffer-from/-/buffer-from-1.1.1.tgz",
            "integrity": "sha512-MQcXEUbCKtEo7bhqEs6560Hyd4XaovZlO/k9V3hjVUF/zwW7KBVdSK4gIt/bzwS9MbR5qob+F5jusZsb0YQK2A==",
            "dev": true
        },
        "codemirror": {
            "version": "5.53.2",
            "resolved": "https://registry.npmjs.org/codemirror/-/codemirror-5.53.2.tgz",
            "integrity": "sha512-wvSQKS4E+P8Fxn/AQ+tQtJnF1qH5UOlxtugFLpubEZ5jcdH2iXTVinb+Xc/4QjshuOxRm4fUsU2QPF1JJKiyXA=="
        },
        "codemirror-graphql": {
            "version": "0.11.6",
            "resolved": "https://registry.npmjs.org/codemirror-graphql/-/codemirror-graphql-0.11.6.tgz",
            "integrity": "sha512-/zVKgOVS2/hfjAY0yoBkLz9ESHnWKBWpBNXQSoFF4Hl5q5AS2DmM22coonWKJcCvNry6TLak2F+QkzPeKVv3Eg==",
            "requires": {
                "graphql-language-service-interface": "^2.3.3",
                "graphql-language-service-parser": "^1.5.2"
            }
        },
        "concat-map": {
            "version": "0.0.1",
            "resolved": "https://registry.npmjs.org/concat-map/-/concat-map-0.0.1.tgz",
            "integrity": "sha1-2Klr13/Wjfd5OnMDajug1UBdR3s="
        },
        "copy-to-clipboard": {
            "version": "3.3.1",
            "resolved": "https://registry.npmjs.org/copy-to-clipboard/-/copy-to-clipboard-3.3.1.tgz",
            "integrity": "sha512-i13qo6kIHTTpCm8/Wup+0b1mVWETvu2kIMzKoK8FpkLkFxlt0znUAHcMzox+T8sPlqtZXq3CulEjQHsYiGFJUw==",
            "requires": {
                "toggle-selection": "^1.0.6"
            }
        },
        "cross-fetch": {
            "version": "2.2.2",
            "resolved": "https://registry.npmjs.org/cross-fetch/-/cross-fetch-2.2.2.tgz",
            "integrity": "sha1-pH/09/xxLauo9qaVoRyUhEDUVyM=",
            "requires": {
                "node-fetch": "2.1.2",
                "whatwg-fetch": "2.0.4"
            }
        },
        "entities": {
            "version": "2.0.0",
            "resolved": "https://registry.npmjs.org/entities/-/entities-2.0.0.tgz",
            "integrity": "sha512-D9f7V0JSRwIxlRI2mjMqufDrRDnx8p+eEOz7aUM9SuvF8gsBzra0/6tbjl1m8eQHrZlYj6PxqE00hZ1SAIKPLw=="
        },
        "esprima": {
            "version": "4.0.1",
            "resolved": "https://registry.npmjs.org/esprima/-/esprima-4.0.1.tgz",
            "integrity": "sha512-eGuFFw7Upda+g4p+QHvnW0RyTX/SVeJBDM/gCtMARO0cLuT2HcEKnTPvhjV6aGeqrCB/sbNop0Kszm0jsaWU4A=="
        },
        "graphiql": {
            "version": "0.17.5",
            "resolved": "https://registry.npmjs.org/graphiql/-/graphiql-0.17.5.tgz",
            "integrity": "sha512-ogNsrg9qM1py9PzcIUn+C29JukOADbjIfB6zwtfui4BrpOEpDb5UZ6TjAmSL/F/8tCt4TbgwKtkSrBeLNNUrqA==",
            "requires": {
                "codemirror": "^5.47.0",
                "codemirror-graphql": "^0.11.6",
                "copy-to-clipboard": "^3.2.0",
                "entities": "^2.0.0",
                "markdown-it": "^10.0.0",
                "regenerator-runtime": "^0.13.3"
            }
        },
        "graphql": {
            "version": "15.0.0",
            "resolved": "https://registry.npmjs.org/graphql/-/graphql-15.0.0.tgz",
            "integrity": "sha512-ZyVO1xIF9F+4cxfkdhOJINM+51B06Friuv4M66W7HzUOeFd+vNzUn4vtswYINPi6sysjf1M2Ri/rwZALqgwbaQ=="
        },
        "graphql-config": {
            "version": "2.2.1",
            "resolved": "https://registry.npmjs.org/graphql-config/-/graphql-config-2.2.1.tgz",
            "integrity": "sha512-U8+1IAhw9m6WkZRRcyj8ZarK96R6lQBQ0an4lp76Ps9FyhOXENC5YQOxOFGm5CxPrX2rD0g3Je4zG5xdNJjwzQ==",
            "requires": {
                "graphql-import": "^0.7.1",
                "graphql-request": "^1.5.0",
                "js-yaml": "^3.10.0",
                "lodash": "^4.17.4",
                "minimatch": "^3.0.4"
            }
        },
        "graphql-import": {
            "version": "0.7.1",
            "resolved": "https://registry.npmjs.org/graphql-import/-/graphql-import-0.7.1.tgz",
            "integrity": "sha512-YpwpaPjRUVlw2SN3OPljpWbVRWAhMAyfSba5U47qGMOSsPLi2gYeJtngGpymjm9nk57RFWEpjqwh4+dpYuFAPw==",
            "requires": {
                "lodash": "^4.17.4",
                "resolve-from": "^4.0.0"
            }
        },
        "graphql-language-service-interface": {
            "version": "2.3.3",
            "resolved": "https://registry.npmjs.org/graphql-language-service-interface/-/graphql-language-service-interface-2.3.3.tgz",
            "integrity": "sha512-SMUbbiHbD19ffyDrucR+vwyaKYhDcTgbBFDJu9Z4TBa5XaksmyiurB3f+pWlIkuFvogBvW3JDiiJJlUW7awivg==",
            "requires": {
                "graphql-config": "2.2.1",
                "graphql-language-service-parser": "^1.5.2",
                "graphql-language-service-types": "^1.5.2",
                "graphql-language-service-utils": "^2.3.3"
            }
        },
        "graphql-language-service-parser": {
            "version": "1.5.2",
            "resolved": "https://registry.npmjs.org/graphql-language-service-parser/-/graphql-language-service-parser-1.5.2.tgz",
            "integrity": "sha512-kModfvwX5XiT+tYRhh8d6X+rb5Zq9zFQVdcoVlQJvoIW7U6SkxUAeO5Ei9OI3KOMH5r8wyfmXflBZ+xUbJySJw==",
            "requires": {
                "graphql-config": "2.2.1",
                "graphql-language-service-types": "^1.5.2"
            }
        },
        "graphql-language-service-types": {
            "version": "1.5.2",
            "resolved": "https://registry.npmjs.org/graphql-language-service-types/-/graphql-language-service-types-1.5.2.tgz",
            "integrity": "sha512-WOFHBZX1K41svohPTmhOcKg+zz27d6ULFuZ8mzkiJ9nIpGKueAPyh7/xR0VZNBUAfDzTCbE6wQZxsPl5Kvd7IA==",
            "requires": {
                "graphql-config": "2.2.1"
            }
        },
        "graphql-language-service-utils": {
            "version": "2.3.3",
            "resolved": "https://registry.npmjs.org/graphql-language-service-utils/-/graphql-language-service-utils-2.3.3.tgz",
            "integrity": "sha512-uHLdIbQpKkE1V2WA12DRMXrUZpPD3ZKPOuH3MHlNg+j9AEe1y83chA4yP5DQqR+ARdMpefz4FJHvEjQr9alXYw==",
            "requires": {
                "graphql-config": "2.2.1",
                "graphql-language-service-types": "^1.5.2"
            }
        },
        "graphql-request": {
            "version": "1.8.2",
            "resolved": "https://registry.npmjs.org/graphql-request/-/graphql-request-1.8.2.tgz",
            "integrity": "sha512-dDX2M+VMsxXFCmUX0Vo0TopIZIX4ggzOtiCsThgtrKR4niiaagsGTDIHj3fsOMFETpa064vzovI+4YV4QnMbcg==",
            "requires": {
                "cross-fetch": "2.2.2"
            }
        },
        "js-tokens": {
            "version": "4.0.0",
            "resolved": "https://registry.npmjs.org/js-tokens/-/js-tokens-4.0.0.tgz",
            "integrity": "sha512-RdJUflcE3cUzKiMqQgsCu06FPu9UdIJO0beYbPhHN4k6apgJtifcoCtT9bcxOpYBtpD2kCM6Sbzg4CausW/PKQ=="
        },
        "js-yaml": {
            "version": "3.13.1",
            "resolved": "https://registry.npmjs.org/js-yaml/-/js-yaml-3.13.1.tgz",
            "integrity": "sha512-YfbcO7jXDdyj0DGxYVSlSeQNHbD7XPWvrVWeVUujrQEoZzWJIRrCPoyk6kL6IAjAG2IolMK4T0hNUe0HOUs5Jw==",
            "requires": {
                "argparse": "^1.0.7",
                "esprima": "^4.0.0"
            }
        },
        "linkify-it": {
            "version": "2.2.0",
            "resolved": "https://registry.npmjs.org/linkify-it/-/linkify-it-2.2.0.tgz",
            "integrity": "sha512-GnAl/knGn+i1U/wjBz3akz2stz+HrHLsxMwHQGofCDfPvlf+gDKN58UtfmUquTY4/MXeE2x7k19KQmeoZi94Iw==",
            "requires": {
                "uc.micro": "^1.0.1"
            }
        },
        "lodash": {
            "version": "4.17.15",
            "resolved": "https://registry.npmjs.org/lodash/-/lodash-4.17.15.tgz",
            "integrity": "sha512-8xOcRHvCjnocdS5cpwXQXVzmmh5e5+saE2QGoeQmbKmRS6J3VQppPOIt0MnmE+4xlZoumy0GPG0D0MVIQbNA1A=="
        },
        "long": {
            "version": "4.0.0",
            "resolved": "https://registry.npmjs.org/long/-/long-4.0.0.tgz",
            "integrity": "sha512-XsP+KhQif4bjX1kbuSiySJFNAehNxgLb6hPRGJ9QsUr8ajHkuXGdrHmFUTUUXhDwVX2R5bY4JNZEwbUiMhV+MA==",
            "dev": true
        },
        "loose-envify": {
            "version": "1.4.0",
            "resolved": "https://registry.npmjs.org/loose-envify/-/loose-envify-1.4.0.tgz",
            "integrity": "sha512-lyuxPGr/Wfhrlem2CL/UcnUc1zcqKAImBDzukY7Y5F/yQiNdko6+fRLevlw1HgMySw7f611UIY408EtxRSoK3Q==",
            "requires": {
                "js-tokens": "^3.0.0 || ^4.0.0"
            }
        },
        "markdown-it": {
            "version": "10.0.0",
            "resolved": "https://registry.npmjs.org/markdown-it/-/markdown-it-10.0.0.tgz",
            "integrity": "sha512-YWOP1j7UbDNz+TumYP1kpwnP0aEa711cJjrAQrzd0UXlbJfc5aAq0F/PZHjiioqDC1NKgvIMX+o+9Bk7yuM2dg==",
            "requires": {
                "argparse": "^1.0.7",
                "entities": "~2.0.0",
                "linkify-it": "^2.0.0",
                "mdurl": "^1.0.1",
                "uc.micro": "^1.0.5"
            }
        },
        "mdurl": {
            "version": "1.0.1",
            "resolved": "https://registry.npmjs.org/mdurl/-/mdurl-1.0.1.tgz",
            "integrity": "sha1-/oWy7HWlkDfyrf7BAP1sYBdhFS4="
        },
        "minimatch": {
            "version": "3.0.4",
            "resolved": "https://registry.npmjs.org/minimatch/-/minimatch-3.0.4.tgz",
            "integrity": "sha512-yJHVQEhyqPLUTgt9B83PXu6W3rx4MvvHvSUvToogpwoGDOUQ+yDrR0HRot+yOCdCO7u4hX3pWft6kWBBcqh0UA==",
            "requires": {
                "brace-expansion": "^1.1.7"
            }
        },
        "node-fetch": {
            "version": "2.1.2",
            "resolved": "https://registry.npmjs.org/node-fetch/-/node-fetch-2.1.2.tgz",
            "integrity": "sha1-q4hOjn5X44qUR1POxwb3iNF2i7U="
        },
        "object-assign": {
            "version": "4.1.1",
            "resolved": "https://registry.npmjs.org/object-assign/-/object-assign-4.1.1.tgz",
            "integrity": "sha1-IQmtx5ZYh8/AXLvUQsrIv7s2CGM="
        },
        "prop-types": {
            "version": "15.7.2",
            "resolved": "https://registry.npmjs.org/prop-types/-/prop-types-15.7.2.tgz",
            "integrity": "sha512-8QQikdH7//R2vurIJSutZ1smHYTcLpRWEOlHnzcWHmBYrOGUysKwSsrC89BCiFj3CbrfJ/nXFdJepOVrY1GCHQ==",
            "requires": {
                "loose-envify": "^1.4.0",
                "object-assign": "^4.1.1",
                "react-is": "^16.8.1"
            }
        },
        "protobufjs": {
            "version": "6.8.8",
            "resolved": "https://registry.npmjs.org/protobufjs/-/protobufjs-6.8.8.tgz",
            "integrity": "sha512-AAmHtD5pXgZfi7GMpllpO3q1Xw1OYldr+dMUlAnffGTAhqkg72WdmSY71uKBF/JuyiKs8psYbtKrhi0ASCD8qw==",
            "dev": true,
            "requires": {
                "@protobufjs/aspromise": "^1.1.2",
                "@protobufjs/base64": "^1.1.2",
                "@protobufjs/codegen": "^2.0.4",
                "@protobufjs/eventemitter": "^1.1.0",
                "@protobufjs/fetch": "^1.1.0",
                "@protobufjs/float": "^1.0.2",
                "@protobufjs/inquire": "^1.1.0",
                "@protobufjs/path": "^1.1.2",
                "@protobufjs/pool": "^1.1.0",
                "@protobufjs/utf8": "^1.1.0",
                "@types/long": "^4.0.0",
                "@types/node": "^10.1.0",
                "long": "^4.0.0"
            }
        },
        "react": {
            "version": "16.13.1",
            "resolved": "https://registry.npmjs.org/react/-/react-16.13.1.tgz",
            "integrity": "sha512-YMZQQq32xHLX0bz5Mnibv1/LHb3Sqzngu7xstSM+vrkE5Kzr9xE0yMByK5kMoTK30YVJE61WfbxIFFvfeDKT1w==",
            "requires": {
                "loose-envify": "^1.1.0",
                "object-assign": "^4.1.1",
                "prop-types": "^15.6.2"
            }
        },
        "react-dom": {
            "version": "16.13.1",
            "resolved": "https://registry.npmjs.org/react-dom/-/react-dom-16.13.1.tgz",
            "integrity": "sha512-81PIMmVLnCNLO/fFOQxdQkvEq/+Hfpv24XNJfpyZhTRfO0QcmQIF/PgCa1zCOj2w1hrn12MFLyaJ/G0+Mxtfag==",
            "requires": {
                "loose-envify": "^1.1.0",
                "object-assign": "^4.1.1",
                "prop-types": "^15.6.2",
                "scheduler": "^0.19.1"
            }
        },
        "react-is": {
            "version": "16.13.1",
            "resolved": "https://registry.npmjs.org/react-is/-/react-is-16.13.1.tgz",
            "integrity": "sha512-24e6ynE2H+OKt4kqsOvNd8kBpV65zoxbA4BVsEOB3ARVWQki/DHzaUoC5KuON/BiccDaCCTZBuOcfZs70kR8bQ=="
        },
        "regenerator-runtime": {
            "version": "0.13.5",
            "resolved": "https://registry.npmjs.org/regenerator-runtime/-/regenerator-runtime-0.13.5.tgz",
            "integrity": "sha512-ZS5w8CpKFinUzOwW3c83oPeVXoNsrLsaCoLtJvAClH135j/R77RuymhiSErhm2lKcwSCIpmvIWSbDkIfAqKQlA=="
        },
        "resolve-from": {
            "version": "4.0.0",
            "resolved": "https://registry.npmjs.org/resolve-from/-/resolve-from-4.0.0.tgz",
            "integrity": "sha512-pb/MYmXstAkysRFx8piNI1tGFNQIFA3vkE3Gq4EuA1dF6gHp/+vgZqsCGJapvy8N3Q+4o7FwvquPJcnZ7RYy4g=="
        },
        "scheduler": {
            "version": "0.19.1",
            "resolved": "https://registry.npmjs.org/scheduler/-/scheduler-0.19.1.tgz",
            "integrity": "sha512-n/zwRWRYSUj0/3g/otKDRPMh6qv2SYMWNq85IEa8iZyAv8od9zDYpGSnpBEjNgcMNq6Scbu5KfIPxNF72R/2EA==",
            "requires": {
                "loose-envify": "^1.1.0",
                "object-assign": "^4.1.1"
            }
        },
        "semver": {
            "version": "5.6.0",
            "resolved": "https://registry.npmjs.org/semver/-/semver-5.6.0.tgz",
            "integrity": "sha512-RS9R6R35NYgQn++fkDWaOmqGoj4Ek9gGs+DPxNUZKuwE183xjJroKvyo1IzVFeXvUrvmALy6FWD5xrdJT25gMg==",
            "dev": true
        },
        "source-map": {
            "version": "0.6.1",
            "resolved": "https://registry.npmjs.org/source-map/-/source-map-0.6.1.tgz",
            "integrity": "sha512-UjgapumWlbMhkBgzT7Ykc5YXUT46F0iKu8SGXq0bcwP5dz/h0Plj6enJqjz1Zbq2l5WaqYnrVbwWOWMyF3F47g==",
            "dev": true
        },
        "source-map-support": {
            "version": "0.5.9",
            "resolved": "https://registry.npmjs.org/source-map-support/-/source-map-support-0.5.9.tgz",
            "integrity": "sha512-gR6Rw4MvUlYy83vP0vxoVNzM6t8MUXqNuRsuBmBHQDu1Fh6X015FrLdgoDKcNdkwGubozq0P4N0Q37UyFVr1EA==",
            "dev": true,
            "requires": {
                "buffer-from": "^1.0.0",
                "source-map": "^0.6.0"
            }
        },
        "sprintf-js": {
            "version": "1.0.3",
            "resolved": "https://registry.npmjs.org/sprintf-js/-/sprintf-js-1.0.3.tgz",
            "integrity": "sha1-BOaSb2YolTVPPdAVIDYzuFcpfiw="
        },
        "toggle-selection": {
            "version": "1.0.6",
            "resolved": "https://registry.npmjs.org/toggle-selection/-/toggle-selection-1.0.6.tgz",
            "integrity": "sha1-bkWxJj8gF/oKzH2J14sVuL932jI="
        },
        "tslib": {
            "version": "1.11.1",
            "resolved": "https://registry.npmjs.org/tslib/-/tslib-1.11.1.tgz",
            "integrity": "sha512-aZW88SY8kQbU7gpV19lN24LtXh/yD4ZZg6qieAJDDg+YBsJcSmLGK9QpnUjAKVG/xefmvJGd1WUmfpT/g6AJGA==",
            "dev": true
        },
        "tsutils": {
            "version": "2.27.2",
            "resolved": "https://registry.npmjs.org/tsutils/-/tsutils-2.27.2.tgz",
            "integrity": "sha512-qf6rmT84TFMuxAKez2pIfR8UCai49iQsfB7YWVjV1bKpy/d0PWT5rEOSM6La9PiHZ0k1RRZQiwVdVJfQ3BPHgg==",
            "dev": true,
            "requires": {
                "tslib": "^1.8.1"
            }
        },
        "uc.micro": {
            "version": "1.0.6",
            "resolved": "https://registry.npmjs.org/uc.micro/-/uc.micro-1.0.6.tgz",
            "integrity": "sha512-8Y75pvTYkLJW2hWQHXxoqRgV7qb9B+9vFEtidML+7koHUFapnVJAZ6cKs+Qjz5Aw3aZWHMC6u0wJE3At+nSGwA=="
        },
        "whatwg-fetch": {
            "version": "2.0.4",
            "resolved": "https://registry.npmjs.org/whatwg-fetch/-/whatwg-fetch-2.0.4.tgz",
            "integrity": "sha512-dcQ1GWpOD/eEQ97k66aiEVpNnapVj90/+R+SXTPYGHpYBBypfKJEQjLrvMZ7YXbKm21gXd4NcuxUTjiv1YtLng=="
        }
    }
}
